// !$*UTF8*$!
{
	archiveVersion = 1;
	classes = {
	};
	objectVersion = 77;
	objects = {

/* Begin PBXBuildFile section */
		54455BF02EE9645A003816F0 /* Sentry in Frameworks */ = {isa = PBXBuildFile; productRef = 54455BEF2EE9645A003816F0 /* Sentry */; };
/* End PBXBuildFile section */

/* Begin PBXContainerItemProxy section */
		54455B092EE82830003816F0 /* PBXContainerItemProxy */ = {
			isa = PBXContainerItemProxy;
			containerPortal = 54CE24602E95221600306053 /* Project object */;
			proxyType = 1;
			remoteGlobalIDString = 54CE24672E95221600306053;
			remoteInfo = SparkForDOOH;
		};
		54455B1E2EE8289E003816F0 /* PBXContainerItemProxy */ = {
			isa = PBXContainerItemProxy;
			containerPortal = 54CE24602E95221600306053 /* Project object */;
			proxyType = 1;
			remoteGlobalIDString = 54CE24672E95221600306053;
			remoteInfo = SparkForDOOH;
		};
/* End PBXContainerItemProxy section */

/* Begin PBXFileReference section */
		54455B052EE82830003816F0 /* SparkForDOOHTests.xctest */ = {isa = PBXFileReference; explicitFileType = wrapper.cfbundle; includeInIndex = 0; path = SparkForDOOHTests.xctest; sourceTree = BUILT_PRODUCTS_DIR; };
		54455B182EE8289E003816F0 /* SparkForDOOHUITests.xctest */ = {isa = PBXFileReference; explicitFileType = wrapper.cfbundle; includeInIndex = 0; path = SparkForDOOHUITests.xctest; sourceTree = BUILT_PRODUCTS_DIR; };
		54CE24682E95221600306053 /* SparkForDOOH.app */ = {isa = PBXFileReference; explicitFileType = wrapper.application; includeInIndex = 0; path = SparkForDOOH.app; sourceTree = BUILT_PRODUCTS_DIR; };
/* End PBXFileReference section */

/* Begin PBXFileSystemSynchronizedBuildFileExceptionSet section */
		54455B2E2EE95B77003816F0 /* Exceptions for "SparkForDOOHUITests" folder in "SparkForDOOHUITests" target */ = {
			isa = PBXFileSystemSynchronizedBuildFileExceptionSet;
			membershipExceptions = (
				Info.plist,
			);
			target = 54455B172EE8289E003816F0 /* SparkForDOOHUITests */;
		};
/* End PBXFileSystemSynchronizedBuildFileExceptionSet section */

/* Begin PBXFileSystemSynchronizedRootGroup section */
		54455B062EE82830003816F0 /* SparkForDOOHTests */ = {
			isa = PBXFileSystemSynchronizedRootGroup;
			path = SparkForDOOHTests;
			sourceTree = "<group>";
		};
		54455B192EE8289E003816F0 /* SparkForDOOHUITests */ = {
			isa = PBXFileSystemSynchronizedRootGroup;
			exceptions = (
				54455B2E2EE95B77003816F0 /* Exceptions for "SparkForDOOHUITests" folder in "SparkForDOOHUITests" target */,
			);
			path = SparkForDOOHUITests;
			sourceTree = "<group>";
		};
		54CE246A2E95221600306053 /* SparkForDOOH */ = {
			isa = PBXFileSystemSynchronizedRootGroup;
			path = SparkForDOOH;
			sourceTree = "<group>";
		};
/* End PBXFileSystemSynchronizedRootGroup section */

/* Begin PBXFrameworksBuildPhase section */
		54455B022EE82830003816F0 /* Frameworks */ = {
			isa = PBXFrameworksBuildPhase;
			buildActionMask = 2147483647;
			files = (
			);
			runOnlyForDeploymentPostprocessing = 0;
		};
		54455B152EE8289E003816F0 /* Frameworks */ = {
			isa = PBXFrameworksBuildPhase;
			buildActionMask = 2147483647;
			files = (
			);
			runOnlyForDeploymentPostprocessing = 0;
		};
		54CE24652E95221600306053 /* Frameworks */ = {
			isa = PBXFrameworksBuildPhase;
			buildActionMask = 2147483647;
			files = (
				54455BF02EE9645A003816F0 /* Sentry in Frameworks */,
			);
			runOnlyForDeploymentPostprocessing = 0;
		};
/* End PBXFrameworksBuildPhase section */

/* Begin PBXGroup section */
		54CE245F2E95221600306053 = {
			isa = PBXGroup;
			children = (
				54CE246A2E95221600306053 /* SparkForDOOH */,
				54455B062EE82830003816F0 /* SparkForDOOHTests */,
				54455B192EE8289E003816F0 /* SparkForDOOHUITests */,
				54CE24692E95221600306053 /* Products */,
				FE26A09E68F80CC01035D271 /* Frameworks */,
			);
			sourceTree = "<group>";
		};
		54CE24692E95221600306053 /* Products */ = {
			isa = PBXGroup;
			children = (
				54CE24682E95221600306053 /* SparkForDOOH.app */,
				54455B052EE82830003816F0 /* SparkForDOOHTests.xctest */,
				54455B182EE8289E003816F0 /* SparkForDOOHUITests.xctest */,
			);
			name = Products;
			sourceTree = "<group>";
		};
		FE26A09E68F80CC01035D271 /* Frameworks */ = {
			isa = PBXGroup;
			children = (
			);
			name = Frameworks;
			sourceTree = "<group>";
		};
/* End PBXGroup section */

/* Begin PBXNativeTarget section */
		54455B042EE82830003816F0 /* SparkForDOOHTests */ = {
			isa = PBXNativeTarget;
			buildConfigurationList = 54455B0B2EE82830003816F0 /* Build configuration list for PBXNativeTarget "SparkForDOOHTests" */;
			buildPhases = (
				54455B012EE82830003816F0 /* Sources */,
				54455B022EE82830003816F0 /* Frameworks */,
				54455B032EE82830003816F0 /* Resources */,
			);
			buildRules = (
			);
			dependencies = (
				54455B0A2EE82830003816F0 /* PBXTargetDependency */,
			);
			fileSystemSynchronizedGroups = (
				54455B062EE82830003816F0 /* SparkForDOOHTests */,
			);
			name = SparkForDOOHTests;
			packageProductDependencies = (
			);
			productName = SparkForDOOHTests;
			productReference = 54455B052EE82830003816F0 /* SparkForDOOHTests.xctest */;
			productType = "com.apple.product-type.bundle.unit-test";
		};
		54455B172EE8289E003816F0 /* SparkForDOOHUITests */ = {
			isa = PBXNativeTarget;
			buildConfigurationList = 54455B202EE8289E003816F0 /* Build configuration list for PBXNativeTarget "SparkForDOOHUITests" */;
			buildPhases = (
				54455B142EE8289E003816F0 /* Sources */,
				54455B152EE8289E003816F0 /* Frameworks */,
				54455B162EE8289E003816F0 /* Resources */,
			);
			buildRules = (
			);
			dependencies = (
				54455B1F2EE8289E003816F0 /* PBXTargetDependency */,
			);
			fileSystemSynchronizedGroups = (
				54455B192EE8289E003816F0 /* SparkForDOOHUITests */,
			);
			name = SparkForDOOHUITests;
			packageProductDependencies = (
			);
			productName = SparkForDOOHUITests;
			productReference = 54455B182EE8289E003816F0 /* SparkForDOOHUITests.xctest */;
			productType = "com.apple.product-type.bundle.ui-testing";
		};
		54CE24672E95221600306053 /* SparkForDOOH */ = {
			isa = PBXNativeTarget;
			buildConfigurationList = 54CE24762E95221700306053 /* Build configuration list for PBXNativeTarget "SparkForDOOH" */;
			buildPhases = (
				54CE24642E95221600306053 /* Sources */,
				54CE24652E95221600306053 /* Frameworks */,
				54CE24662E95221600306053 /* Resources */,
			);
			buildRules = (
			);
			dependencies = (
			);
			fileSystemSynchronizedGroups = (
				54CE246A2E95221600306053 /* SparkForDOOH */,
			);
			name = SparkForDOOH;
			packageProductDependencies = (
				54455BEF2EE9645A003816F0 /* Sentry */,
			);
			productName = SparkForDOOH;
			productReference = 54CE24682E95221600306053 /* SparkForDOOH.app */;
			productType = "com.apple.product-type.application";
		};
/* End PBXNativeTarget section */

/* Begin PBXProject section */
		54CE24602E95221600306053 /* Project object */ = {
			isa = PBXProject;
			attributes = {
				BuildIndependentTargetsInParallel = 1;
				LastSwiftUpdateCheck = 1600;
				LastUpgradeCheck = 1600;
				TargetAttributes = {
					54455B042EE82830003816F0 = {
						CreatedOnToolsVersion = 16.0;
						TestTargetID = 54CE24672E95221600306053;
					};
					54455B172EE8289E003816F0 = {
						CreatedOnToolsVersion = 16.0;
						TestTargetID = 54CE24672E95221600306053;
					};
					54CE24672E95221600306053 = {
						CreatedOnToolsVersion = 16.0;
					};
				};
			};
			buildConfigurationList = 54CE24632E95221600306053 /* Build configuration list for PBXProject "SparkForDOOH" */;
			developmentRegion = en;
			hasScannedForEncodings = 0;
			knownRegions = (
				en,
				Base,
			);
			mainGroup = 54CE245F2E95221600306053;
			minimizedProjectReferenceProxies = 1;
			packageReferences = (
				54455B2C2EE9556B003816F0 /* XCRemoteSwiftPackageReference "sentry-cocoa" */,
			);
			preferredProjectObjectVersion = 77;
			productRefGroup = 54CE24692E95221600306053 /* Products */;
			projectDirPath = "";
			projectRoot = "";
			targets = (
				54CE24672E95221600306053 /* SparkForDOOH */,
				54455B042EE82830003816F0 /* SparkForDOOHTests */,
				54455B172EE8289E003816F0 /* SparkForDOOHUITests */,
			);
		};
/* End PBXProject section */

/* Begin PBXResourcesBuildPhase section */
		54455B032EE82830003816F0 /* Resources */ = {
			isa = PBXResourcesBuildPhase;
			buildActionMask = 2147483647;
			files = (
			);
			runOnlyForDeploymentPostprocessing = 0;
		};
		54455B162EE8289E003816F0 /* Resources */ = {
			isa = PBXResourcesBuildPhase;
			buildActionMask = 2147483647;
			files = (
			);
			runOnlyForDeploymentPostprocessing = 0;
		};
		54CE24662E95221600306053 /* Resources */ = {
			isa = PBXResourcesBuildPhase;
			buildActionMask = 2147483647;
			files = (
			);
			runOnlyForDeploymentPostprocessing = 0;
		};
/* End PBXResourcesBuildPhase section */

/* Begin PBXSourcesBuildPhase section */
		54455B012EE82830003816F0 /* Sources */ = {
			isa = PBXSourcesBuildPhase;
			buildActionMask = 2147483647;
			files = (
			);
			runOnlyForDeploymentPostprocessing = 0;
		};
		54455B142EE8289E003816F0 /* Sources */ = {
			isa = PBXSourcesBuildPhase;
			buildActionMask = 2147483647;
			files = (
			);
			runOnlyForDeploymentPostprocessing = 0;
		};
		54CE24642E95221600306053 /* Sources */ = {
			isa = PBXSourcesBuildPhase;
			buildActionMask = 2147483647;
			files = (
			);
			runOnlyForDeploymentPostprocessing = 0;
		};
/* End PBXSourcesBuildPhase section */

/* Begin PBXTargetDependency section */
		54455B0A2EE82830003816F0 /* PBXTargetDependency */ = {
			isa = PBXTargetDependency;
			target = 54CE24672E95221600306053 /* SparkForDOOH */;
			targetProxy = 54455B092EE82830003816F0 /* PBXContainerItemProxy */;
		};
		54455B1F2EE8289E003816F0 /* PBXTargetDependency */ = {
			isa = PBXTargetDependency;
			target = 54CE24672E95221600306053 /* SparkForDOOH */;
			targetProxy = 54455B1E2EE8289E003816F0 /* PBXContainerItemProxy */;
		};
/* End PBXTargetDependency section */

/* Begin XCBuildConfiguration section */
		54455B0C2EE82830003816F0 /* Debug */ = {
			isa = XCBuildConfiguration;
			buildSettings = {
				BUNDLE_LOADER = "$(TEST_HOST)";
				CODE_SIGN_STYLE = Automatic;
				CURRENT_PROJECT_VERSION = 1;
				GENERATE_INFOPLIST_FILE = YES;
				MARKETING_VERSION = 1.0;
				PRODUCT_BUNDLE_IDENTIFIER = com.doceree.testapp.TestApp.SparkForDOOHTests;
				PRODUCT_NAME = "$(TARGET_NAME)";
				SWIFT_EMIT_LOC_STRINGS = NO;
				SWIFT_VERSION = 5.0;
				TARGETED_DEVICE_FAMILY = 3;
				TEST_HOST = "$(BUILT_PRODUCTS_DIR)/SparkForDOOH.app/$(BUNDLE_EXECUTABLE_FOLDER_PATH)/SparkForDOOH";
			};
			name = Debug;
		};
		54455B0D2EE82830003816F0 /* Release */ = {
			isa = XCBuildConfiguration;
			buildSettings = {
				BUNDLE_LOADER = "$(TEST_HOST)";
				CODE_SIGN_STYLE = Automatic;
				CURRENT_PROJECT_VERSION = 1;
				GENERATE_INFOPLIST_FILE = YES;
				MARKETING_VERSION = 1.0;
				PRODUCT_BUNDLE_IDENTIFIER = com.doceree.testapp.TestApp.SparkForDOOHTests;
				PRODUCT_NAME = "$(TARGET_NAME)";
				SWIFT_EMIT_LOC_STRINGS = NO;
				SWIFT_VERSION = 5.0;
				TARGETED_DEVICE_FAMILY = 3;
				TEST_HOST = "$(BUILT_PRODUCTS_DIR)/SparkForDOOH.app/$(BUNDLE_EXECUTABLE_FOLDER_PATH)/SparkForDOOH";
			};
			name = Release;
		};
		54455B212EE8289E003816F0 /* Debug */ = {
			isa = XCBuildConfiguration;
			buildSettings = {
				CODE_SIGN_STYLE = Automatic;
				CURRENT_PROJECT_VERSION = 1;
				GENERATE_INFOPLIST_FILE = YES;
				INFOPLIST_FILE = SparkForDOOHUITests/Info.plist;
				MARKETING_VERSION = 1.0;
				PRODUCT_BUNDLE_IDENTIFIER = com.doceree.testapp.TestApp.SparkForDOOHUITests;
				PRODUCT_NAME = "$(TARGET_NAME)";
				SWIFT_EMIT_LOC_STRINGS = NO;
				SWIFT_VERSION = 5.0;
				TARGETED_DEVICE_FAMILY = 3;
				TEST_TARGET_NAME = SparkForDOOH;
			};
			name = Debug;
		};
		54455B222EE8289E003816F0 /* Release */ = {
			isa = XCBuildConfiguration;
			buildSettings = {
				CODE_SIGN_STYLE = Automatic;
				CURRENT_PROJECT_VERSION = 1;
				GENERATE_INFOPLIST_FILE = YES;
				INFOPLIST_FILE = SparkForDOOHUITests/Info.plist;
				MARKETING_VERSION = 1.0;
				PRODUCT_BUNDLE_IDENTIFIER = com.doceree.testapp.TestApp.SparkForDOOHUITests;
				PRODUCT_NAME = "$(TARGET_NAME)";
				SWIFT_EMIT_LOC_STRINGS = NO;
				SWIFT_VERSION = 5.0;
				TARGETED_DEVICE_FAMILY = 3;
				TEST_TARGET_NAME = SparkForDOOH;
			};
			name = Release;
		};
		54CE24742E95221700306053 /* Debug */ = {
			isa = XCBuildConfiguration;
			buildSettings = {
				ALWAYS_SEARCH_USER_PATHS = NO;
				ASSETCATALOG_COMPILER_GENERATE_SWIFT_ASSET_SYMBOL_EXTENSIONS = YES;
				CLANG_ANALYZER_NONNULL = YES;
				CLANG_ANALYZER_NUMBER_OBJECT_CONVERSION = YES_AGGRESSIVE;
				CLANG_CXX_LANGUAGE_STANDARD = "gnu++20";
				CLANG_ENABLE_MODULES = YES;
				CLANG_ENABLE_OBJC_ARC = YES;
				CLANG_ENABLE_OBJC_WEAK = YES;
				CLANG_WARN_BLOCK_CAPTURE_AUTORELEASING = YES;
				CLANG_WARN_BOOL_CONVERSION = YES;
				CLANG_WARN_COMMA = YES;
				CLANG_WARN_CONSTANT_CONVERSION = YES;
				CLANG_WARN_DEPRECATED_OBJC_IMPLEMENTATIONS = YES;
				CLANG_WARN_DIRECT_OBJC_ISA_USAGE = YES_ERROR;
				CLANG_WARN_DOCUMENTATION_COMMENTS = YES;
				CLANG_WARN_EMPTY_BODY = YES;
				CLANG_WARN_ENUM_CONVERSION = YES;
				CLANG_WARN_INFINITE_RECURSION = YES;
				CLANG_WARN_INT_CONVERSION = YES;
				CLANG_WARN_NON_LITERAL_NULL_CONVERSION = YES;
				CLANG_WARN_OBJC_IMPLICIT_RETAIN_SELF = YES;
				CLANG_WARN_OBJC_LITERAL_CONVERSION = YES;
				CLANG_WARN_OBJC_ROOT_CLASS = YES_ERROR;
				CLANG_WARN_QUOTED_INCLUDE_IN_FRAMEWORK_HEADER = YES;
				CLANG_WARN_RANGE_LOOP_ANALYSIS = YES;
				CLANG_WARN_STRICT_PROTOTYPES = YES;
				CLANG_WARN_SUSPICIOUS_MOVE = YES;
				CLANG_WARN_UNGUARDED_AVAILABILITY = YES_AGGRESSIVE;
				CLANG_WARN_UNREACHABLE_CODE = YES;
				CLANG_WARN__DUPLICATE_METHOD_MATCH = YES;
				COPY_PHASE_STRIP = NO;
				DEBUG_INFORMATION_FORMAT = dwarf;
				ENABLE_STRICT_OBJC_MSGSEND = YES;
				ENABLE_TESTABILITY = YES;
				ENABLE_USER_SCRIPT_SANDBOXING = YES;
				GCC_C_LANGUAGE_STANDARD = gnu17;
				GCC_DYNAMIC_NO_PIC = NO;
				GCC_NO_COMMON_BLOCKS = YES;
				GCC_OPTIMIZATION_LEVEL = 0;
				GCC_PREPROCESSOR_DEFINITIONS = (
					"DEBUG=1",
					"$(inherited)",
				);
				GCC_WARN_64_TO_32_BIT_CONVERSION = YES;
				GCC_WARN_ABOUT_RETURN_TYPE = YES_ERROR;
				GCC_WARN_UNDECLARED_SELECTOR = YES;
				GCC_WARN_UNINITIALIZED_AUTOS = YES_AGGRESSIVE;
				GCC_WARN_UNUSED_FUNCTION = YES;
				GCC_WARN_UNUSED_VARIABLE = YES;
				LOCALIZATION_PREFERS_STRING_CATALOGS = YES;
				MTL_ENABLE_DEBUG_INFO = INCLUDE_SOURCE;
				MTL_FAST_MATH = YES;
				ONLY_ACTIVE_ARCH = YES;
				SDKROOT = appletvos;
				SWIFT_ACTIVE_COMPILATION_CONDITIONS = "DEBUG $(inherited)";
				SWIFT_OPTIMIZATION_LEVEL = "-Onone";
				TVOS_DEPLOYMENT_TARGET = 18.0;
			};
			name = Debug;
		};
		54CE24752E95221700306053 /* Release */ = {
			isa = XCBuildConfiguration;
			buildSettings = {
				ALWAYS_SEARCH_USER_PATHS = NO;
				ASSETCATALOG_COMPILER_GENERATE_SWIFT_ASSET_SYMBOL_EXTENSIONS = YES;
				CLANG_ANALYZER_NONNULL = YES;
				CLANG_ANALYZER_NUMBER_OBJECT_CONVERSION = YES_AGGRESSIVE;
				CLANG_CXX_LANGUAGE_STANDARD = "gnu++20";
				CLANG_ENABLE_MODULES = YES;
				CLANG_ENABLE_OBJC_ARC = YES;
				CLANG_ENABLE_OBJC_WEAK = YES;
				CLANG_WARN_BLOCK_CAPTURE_AUTORELEASING = YES;
				CLANG_WARN_BOOL_CONVERSION = YES;
				CLANG_WARN_COMMA = YES;
				CLANG_WARN_CONSTANT_CONVERSION = YES;
				CLANG_WARN_DEPRECATED_OBJC_IMPLEMENTATIONS = YES;
				CLANG_WARN_DIRECT_OBJC_ISA_USAGE = YES_ERROR;
				CLANG_WARN_DOCUMENTATION_COMMENTS = YES;
				CLANG_WARN_EMPTY_BODY = YES;
				CLANG_WARN_ENUM_CONVERSION = YES;
				CLANG_WARN_INFINITE_RECURSION = YES;
				CLANG_WARN_INT_CONVERSION = YES;
				CLANG_WARN_NON_LITERAL_NULL_CONVERSION = YES;
				CLANG_WARN_OBJC_IMPLICIT_RETAIN_SELF = YES;
				CLANG_WARN_OBJC_LITERAL_CONVERSION = YES;
				CLANG_WARN_OBJC_ROOT_CLASS = YES_ERROR;
				CLANG_WARN_QUOTED_INCLUDE_IN_FRAMEWORK_HEADER = YES;
				CLANG_WARN_RANGE_LOOP_ANALYSIS = YES;
				CLANG_WARN_STRICT_PROTOTYPES = YES;
				CLANG_WARN_SUSPICIOUS_MOVE = YES;
				CLANG_WARN_UNGUARDED_AVAILABILITY = YES_AGGRESSIVE;
				CLANG_WARN_UNREACHABLE_CODE = YES;
				CLANG_WARN__DUPLICATE_METHOD_MATCH = YES;
				COPY_PHASE_STRIP = NO;
				DEBUG_INFORMATION_FORMAT = "dwarf-with-dsym";
				ENABLE_NS_ASSERTIONS = NO;
				ENABLE_STRICT_OBJC_MSGSEND = YES;
				ENABLE_USER_SCRIPT_SANDBOXING = YES;
				GCC_C_LANGUAGE_STANDARD = gnu17;
				GCC_NO_COMMON_BLOCKS = YES;
				GCC_WARN_64_TO_32_BIT_CONVERSION = YES;
				GCC_WARN_ABOUT_RETURN_TYPE = YES_ERROR;
				GCC_WARN_UNDECLARED_SELECTOR = YES;
				GCC_WARN_UNINITIALIZED_AUTOS = YES_AGGRESSIVE;
				GCC_WARN_UNUSED_FUNCTION = YES;
				GCC_WARN_UNUSED_VARIABLE = YES;
				LOCALIZATION_PREFERS_STRING_CATALOGS = YES;
				MTL_ENABLE_DEBUG_INFO = NO;
				MTL_FAST_MATH = YES;
				SDKROOT = appletvos;
				SWIFT_COMPILATION_MODE = wholemodule;
				TVOS_DEPLOYMENT_TARGET = 18.0;
				VALIDATE_PRODUCT = YES;
			};
			name = Release;
		};
		54CE24772E95221700306053 /* Debug */ = {
			isa = XCBuildConfiguration;
			buildSettings = {
				ASSETCATALOG_COMPILER_APPICON_NAME = "App Icon & Top Shelf Image";
				ASSETCATALOG_COMPILER_GLOBAL_ACCENT_COLOR_NAME = AccentColor;
				CODE_SIGN_IDENTITY = "Apple Development";
				CODE_SIGN_STYLE = Automatic;
				CURRENT_PROJECT_VERSION = 1;
				DEVELOPMENT_ASSET_PATHS = "\"SparkForDOOH/Preview Content\"";
				DEVELOPMENT_TEAM = YC7MUN3XW5;
				ENABLE_PREVIEWS = YES;
				ENABLE_USER_SCRIPT_SANDBOXING = NO;
				EXCLUDED_ARCHS = "";
				FRAMEWORK_SEARCH_PATHS = "$(inherited)";
				GENERATE_INFOPLIST_FILE = YES;
				INFOPLIST_KEY_CFBundleDisplayName = "Spark for DOOH";
				INFOPLIST_KEY_LSApplicationCategoryType = "public.app-category.healthcare-fitness";
				INFOPLIST_KEY_SENTRY_DSN = "https://c353fdf8cb6dc0e392e953bd771f6260@o4510509371228160.ingest.us.sentry.io/4510509381582848";
				INFOPLIST_KEY_SENTRY_ENVIRONMENT = Dev;
				INFOPLIST_KEY_UILaunchScreen_Generation = YES;
				INFOPLIST_KEY_UIUserInterfaceStyle = Automatic;
				LD_RUNPATH_SEARCH_PATHS = (
					"$(inherited)",
					"@executable_path/Frameworks",
				);
				MARKETING_VERSION = 1.0;
				PRODUCT_BUNDLE_IDENTIFIER = com.doceree.sparkdooh.tvos;
				PRODUCT_NAME = "$(TARGET_NAME)";
				PROVISIONING_PROFILE_SPECIFIER = "";
				SWIFT_EMIT_LOC_STRINGS = YES;
				SWIFT_VERSION = 5.0;
				TARGETED_DEVICE_FAMILY = 3;
				TVOS_DEPLOYMENT_TARGET = 16.6;
			};
			name = Debug;
		};
		54CE24782E95221700306053 /* Release */ = {
			isa = XCBuildConfiguration;
			buildSettings = {
				ASSETCATALOG_COMPILER_APPICON_NAME = "App Icon & Top Shelf Image";
				ASSETCATALOG_COMPILER_GLOBAL_ACCENT_COLOR_NAME = AccentColor;
				CODE_SIGN_IDENTITY = "Apple Development";
				CODE_SIGN_STYLE = Automatic;
				CURRENT_PROJECT_VERSION = 1;
				DEVELOPMENT_ASSET_PATHS = "\"SparkForDOOH/Preview Content\"";
				DEVELOPMENT_TEAM = YC7MUN3XW5;
				ENABLE_PREVIEWS = YES;
				ENABLE_USER_SCRIPT_SANDBOXING = NO;
				EXCLUDED_ARCHS = "";
				FRAMEWORK_SEARCH_PATHS = "$(inherited)";
				GENERATE_INFOPLIST_FILE = YES;
				INFOPLIST_KEY_CFBundleDisplayName = "Spark for DOOH";
				INFOPLIST_KEY_LSApplicationCategoryType = "public.app-category.healthcare-fitness";
				INFOPLIST_KEY_SENTRY_DSN = "https://c353fdf8cb6dc0e392e953bd771f6260@o4510509371228160.ingest.us.sentry.io/4510509381582848";
				INFOPLIST_KEY_SENTRY_ENVIRONMENT = Prod;
				INFOPLIST_KEY_UILaunchScreen_Generation = YES;
				INFOPLIST_KEY_UIUserInterfaceStyle = Automatic;
				LD_RUNPATH_SEARCH_PATHS = (
					"$(inherited)",
					"@executable_path/Frameworks",
				);
				MARKETING_VERSION = 1.0;
				PRODUCT_BUNDLE_IDENTIFIER = com.doceree.sparkdooh.tvos;
				PRODUCT_NAME = "$(TARGET_NAME)";
				PROVISIONING_PROFILE_SPECIFIER = "";
				SWIFT_EMIT_LOC_STRINGS = YES;
				SWIFT_VERSION = 5.0;
				TARGETED_DEVICE_FAMILY = 3;
				TVOS_DEPLOYMENT_TARGET = 16.6;
			};
			name = Release;
		};
/* End XCBuildConfiguration section */

/* Begin XCConfigurationList section */
		54455B0B2EE82830003816F0 /* Build configuration list for PBXNativeTarget "SparkForDOOHTests" */ = {
			isa = XCConfigurationList;
			buildConfigurations = (
				54455B0C2EE82830003816F0 /* Debug */,
				54455B0D2EE82830003816F0 /* Release */,
			);
			defaultConfigurationIsVisible = 0;
			defaultConfigurationName = Release;
		};
		54455B202EE8289E003816F0 /* Build configuration list for PBXNativeTarget "SparkForDOOHUITests" */ = {
			isa = XCConfigurationList;
			buildConfigurations = (
				54455B212EE8289E003816F0 /* Debug */,
				54455B222EE8289E003816F0 /* Release */,
			);
			defaultConfigurationIsVisible = 0;
			defaultConfigurationName = Release;
		};
		54CE24632E95221600306053 /* Build configuration list for PBXProject "SparkForDOOH" */ = {
			isa = XCConfigurationList;
			buildConfigurations = (
				54CE24742E95221700306053 /* Debug */,
				54CE24752E95221700306053 /* Release */,
			);
			defaultConfigurationIsVisible = 0;
			defaultConfigurationName = Release;
		};
		54CE24762E95221700306053 /* Build configuration list for PBXNativeTarget "SparkForDOOH" */ = {
			isa = XCConfigurationList;
			buildConfigurations = (
				54CE24772E95221700306053 /* Debug */,
				54CE24782E95221700306053 /* Release */,
			);
			defaultConfigurationIsVisible = 0;
			defaultConfigurationName = Release;
		};
/* End XCConfigurationList section */

/* Begin XCRemoteSwiftPackageReference section */
		54455B2C2EE9556B003816F0 /* XCRemoteSwiftPackageReference "sentry-cocoa" */ = {
			isa = XCRemoteSwiftPackageReference;
			repositoryURL = "https://github.com/getsentry/sentry-cocoa.git";
			requirement = {
				kind = upToNextMajorVersion;
				minimumVersion = 9.0.0;
			};
		};
/* End XCRemoteSwiftPackageReference section */

/* Begin XCSwiftPackageProductDependency section */
		54455BEF2EE9645A003816F0 /* Sentry */ = {
			isa = XCSwiftPackageProductDependency;
			package = 54455B2C2EE9556B003816F0 /* XCRemoteSwiftPackageReference "sentry-cocoa" */;
			productName = Sentry;
		};
/* End XCSwiftPackageProductDependency section */
	};
	rootObject = 54CE24602E95221600306053 /* Project object */;
}
